
Microsoft Visual Studio Solution File, Format Version 12.00
# Visual Studio Version 17
VisualStudioVersion = 17.3.32922.545
MinimumVisualStudioVersion = 10.0.40219.1
Project("{2150E333-8FDC-42A3-9474-1A3956D46DE8}") = "src", "src", "{93767232-4DA6-4DED-94BB-7F100DEF4815}"
EndProject
Project("{2150E333-8FDC-42A3-9474-1A3956D46DE8}") = "Core", "Core", "{F4168A93-C65B-453A-930D-7F92C47362B3}"
EndProject
Project("{2150E333-8FDC-42A3-9474-1A3956D46DE8}") = "Infraestructure", "Infraestructure", "{420014E1-6D6F-4094-B5F6-107DFE74F3B7}"
EndProject
Project("{2150E333-8FDC-42A3-9474-1A3956D46DE8}") = "Presentation", "Presentation", "{1266749F-2E8C-4AEA-91FE-676E50058BBF}"
EndProject
Project("{FAE04EC0-301F-11D3-BF4B-00C04F79EFBC}") = "Domain", "src\Core\Domain\Domain.csproj", "{7DF4946F-E9FD-491E-96B7-13C8B96F9508}"
EndProject
Project("{FAE04EC0-301F-11D3-BF4B-00C04F79EFBC}") = "Application", "src\Core\Application\Application.csproj", "{075D0143-D212-469B-BF26-3F88373C79E8}"
EndProject
Project("{FAE04EC0-301F-11D3-BF4B-00C04F79EFBC}") = "Persistence", "src\Infraestructure\Persistence\Persistence.csproj", "{466BC9D2-C982-425C-9F0E-CD88C99D0041}"
EndProject
Project("{FAE04EC0-301F-11D3-BF4B-00C04F79EFBC}") = "Shared", "src\Infraestructure\Shared\Shared.csproj", "{9DD72675-573D-4E44-84EC-8BEA0293A385}"
EndProject
Project("{FAE04EC0-301F-11D3-BF4B-00C04F79EFBC}") = "WebAPI", "src\Presentation\WebAPI\WebAPI.csproj", "{9D7DFB78-C5E5-419D-B3DE-AB92605344FC}"
EndProject
Project("{2150E333-8FDC-42A3-9474-1A3956D46DE8}") = "tests", "tests", "{3D94E68D-3443-49D6-A02F-3578AB5DB6B4}"
EndProject
Project("{2150E333-8FDC-42A3-9474-1A3956D46DE8}") = "Core", "Core", "{C06AAEE8-C715-459B-AD64-DC62095AB578}"
EndProject
Project("{2150E333-8FDC-42A3-9474-1A3956D46DE8}") = "Infraestructure", "Infraestructure", "{6785FF8F-0EC4-4DAD-AAC3-9D524AA69408}"
EndProject
Project("{2150E333-8FDC-42A3-9474-1A3956D46DE8}") = "Presentation", "Presentation", "{D6279176-01D9-4DC0-B6E9-9715C4208D7C}"
EndProject
Project("{FAE04EC0-301F-11D3-BF4B-00C04F79EFBC}") = "Application.Tests", "tests\Core\Application.Tests\Application.Tests.csproj", "{155979E1-2C61-468D-8D90-ACC65030FC48}"
EndProject
Project("{FAE04EC0-301F-11D3-BF4B-00C04F79EFBC}") = "Persistence.Tests", "tests\Infraestructure\Persistence.Tests\Persistence.Tests.csproj", "{F21EB71B-4D5F-47BA-BB9C-6748B4ED22F1}"
EndProject
Project("{FAE04EC0-301F-11D3-BF4B-00C04F79EFBC}") = "WebAPI.Tests", "tests\Presentation\WebAPI.Tests\WebAPI.Tests.csproj", "{ADAEA7AC-5C3F-490E-A638-B7AA844B29EA}"
EndProject
Global
	GlobalSection(SolutionConfigurationPlatforms) = preSolution
		Debug|Any CPU = Debug|Any CPU
		Release|Any CPU = Release|Any CPU
	EndGlobalSection
	GlobalSection(ProjectConfigurationPlatforms) = postSolution
		{7DF4946F-E9FD-491E-96B7-13C8B96F9508}.Debug|Any CPU.ActiveCfg = Debug|Any CPU
		{7DF4946F-E9FD-491E-96B7-13C8B96F9508}.Debug|Any CPU.Build.0 = Debug|Any CPU
		{7DF4946F-E9FD-491E-96B7-13C8B96F9508}.Release|Any CPU.ActiveCfg = Release|Any CPU
		{7DF4946F-E9FD-491E-96B7-13C8B96F9508}.Release|Any CPU.Build.0 = Release|Any CPU
		{075D0143-D212-469B-BF26-3F88373C79E8}.Debug|Any CPU.ActiveCfg = Debug|Any CPU
		{075D0143-D212-469B-BF26-3F88373C79E8}.Debug|Any CPU.Build.0 = Debug|Any CPU
		{075D0143-D212-469B-BF26-3F88373C79E8}.Release|Any CPU.ActiveCfg = Release|Any CPU
		{075D0143-D212-469B-BF26-3F88373C79E8}.Release|Any CPU.Build.0 = Release|Any CPU
		{466BC9D2-C982-425C-9F0E-CD88C99D0041}.Debug|Any CPU.ActiveCfg = Debug|Any CPU
		{466BC9D2-C982-425C-9F0E-CD88C99D0041}.Debug|Any CPU.Build.0 = Debug|Any CPU
		{466BC9D2-C982-425C-9F0E-CD88C99D0041}.Release|Any CPU.ActiveCfg = Release|Any CPU
		{466BC9D2-C982-425C-9F0E-CD88C99D0041}.Release|Any CPU.Build.0 = Release|Any CPU
		{9DD72675-573D-4E44-84EC-8BEA0293A385}.Debug|Any CPU.ActiveCfg = Debug|Any CPU
		{9DD72675-573D-4E44-84EC-8BEA0293A385}.Debug|Any CPU.Build.0 = Debug|Any CPU
		{9DD72675-573D-4E44-84EC-8BEA0293A385}.Release|Any CPU.ActiveCfg = Release|Any CPU
		{9DD72675-573D-4E44-84EC-8BEA0293A385}.Release|Any CPU.Build.0 = Release|Any CPU
		{9D7DFB78-C5E5-419D-B3DE-AB92605344FC}.Debug|Any CPU.ActiveCfg = Debug|Any CPU
		{9D7DFB78-C5E5-419D-B3DE-AB92605344FC}.Debug|Any CPU.Build.0 = Debug|Any CPU
		{9D7DFB78-C5E5-419D-B3DE-AB92605344FC}.Release|Any CPU.ActiveCfg = Release|Any CPU
		{9D7DFB78-C5E5-419D-B3DE-AB92605344FC}.Release|Any CPU.Build.0 = Release|Any CPU
		{155979E1-2C61-468D-8D90-ACC65030FC48}.Debug|Any CPU.ActiveCfg = Debug|Any CPU
		{155979E1-2C61-468D-8D90-ACC65030FC48}.Debug|Any CPU.Build.0 = Debug|Any CPU
		{155979E1-2C61-468D-8D90-ACC65030FC48}.Release|Any CPU.ActiveCfg = Release|Any CPU
		{155979E1-2C61-468D-8D90-ACC65030FC48}.Release|Any CPU.Build.0 = Release|Any CPU
		{F21EB71B-4D5F-47BA-BB9C-6748B4ED22F1}.Debug|Any CPU.ActiveCfg = Debug|Any CPU
		{F21EB71B-4D5F-47BA-BB9C-6748B4ED22F1}.Debug|Any CPU.Build.0 = Debug|Any CPU
		{F21EB71B-4D5F-47BA-BB9C-6748B4ED22F1}.Release|Any CPU.ActiveCfg = Release|Any CPU
		{F21EB71B-4D5F-47BA-BB9C-6748B4ED22F1}.Release|Any CPU.Build.0 = Release|Any CPU
		{ADAEA7AC-5C3F-490E-A638-B7AA844B29EA}.Debug|Any CPU.ActiveCfg = Debug|Any CPU
		{ADAEA7AC-5C3F-490E-A638-B7AA844B29EA}.Debug|Any CPU.Build.0 = Debug|Any CPU
		{ADAEA7AC-5C3F-490E-A638-B7AA844B29EA}.Release|Any CPU.ActiveCfg = Release|Any CPU
		{ADAEA7AC-5C3F-490E-A638-B7AA844B29EA}.Release|Any CPU.Build.0 = Release|Any CPU
	EndGlobalSection
	GlobalSection(SolutionProperties) = preSolution
		HideSolutionNode = FALSE
	EndGlobalSection
	GlobalSection(NestedProjects) = preSolution
		{F4168A93-C65B-453A-930D-7F92C47362B3} = {93767232-4DA6-4DED-94BB-7F100DEF4815}
		{420014E1-6D6F-4094-B5F6-107DFE74F3B7} = {93767232-4DA6-4DED-94BB-7F100DEF4815}
		{1266749F-2E8C-4AEA-91FE-676E50058BBF} = {93767232-4DA6-4DED-94BB-7F100DEF4815}
		{7DF4946F-E9FD-491E-96B7-13C8B96F9508} = {F4168A93-C65B-453A-930D-7F92C47362B3}
		{075D0143-D212-469B-BF26-3F88373C79E8} = {F4168A93-C65B-453A-930D-7F92C47362B3}
		{466BC9D2-C982-425C-9F0E-CD88C99D0041} = {420014E1-6D6F-4094-B5F6-107DFE74F3B7}
		{9DD72675-573D-4E44-84EC-8BEA0293A385} = {420014E1-6D6F-4094-B5F6-107DFE74F3B7}
		{9D7DFB78-C5E5-419D-B3DE-AB92605344FC} = {1266749F-2E8C-4AEA-91FE-676E50058BBF}
		{C06AAEE8-C715-459B-AD64-DC62095AB578} = {3D94E68D-3443-49D6-A02F-3578AB5DB6B4}
		{6785FF8F-0EC4-4DAD-AAC3-9D524AA69408} = {3D94E68D-3443-49D6-A02F-3578AB5DB6B4}
		{D6279176-01D9-4DC0-B6E9-9715C4208D7C} = {3D94E68D-3443-49D6-A02F-3578AB5DB6B4}
		{155979E1-2C61-468D-8D90-ACC65030FC48} = {C06AAEE8-C715-459B-AD64-DC62095AB578}
		{F21EB71B-4D5F-47BA-BB9C-6748B4ED22F1} = {6785FF8F-0EC4-4DAD-AAC3-9D524AA69408}
		{ADAEA7AC-5C3F-490E-A638-B7AA844B29EA} = {D6279176-01D9-4DC0-B6E9-9715C4208D7C}
	EndGlobalSection
	GlobalSection(ExtensibilityGlobals) = postSolution
		SolutionGuid = {CB7B286A-3166-417B-B0EF-43F1CB01185E}
	EndGlobalSection
EndGlobal
