
Microsoft Visual Studio Solution File, Format Version 12.00
# Visual Studio Version 17
VisualStudioVersion = 17.3.32922.545
MinimumVisualStudioVersion = 10.0.40219.1
Project("{2150E333-8FDC-42A3-9474-1A3956D46DE8}") = "src", "src", "{93767232-4DA6-4DED-94BB-7F100DEF4815}"
EndProject
Project("{2150E333-8FDC-42A3-9474-1A3956D46DE8}") = "Core", "Core", "{F4168A93-C65B-453A-930D-7F92C47362B3}"
EndProject
Project("{2150E333-8FDC-42A3-9474-1A3956D46DE8}") = "Infraestructure", "Infraestructure", "{420014E1-6D6F-4094-B5F6-107DFE74F3B7}"
EndProject
Project("{2150E333-8FDC-42A3-9474-1A3956D46DE8}") = "Presentation", "Presentation", "{1266749F-2E8C-4AEA-91FE-676E50058BBF}"
EndProject
Project("{9A19103F-16F7-4668-BE54-9A1E7A4F7556}") = "Application", "src\Core\Application\Application.csproj", "{075D0143-D212-469B-BF26-3F88373C79E8}"
EndProject
Project("{9A19103F-16F7-4668-BE54-9A1E7A4F7556}") = "Persistence", "src\Infraestructure\Persistence\Persistence.csproj", "{466BC9D2-C982-425C-9F0E-CD88C99D0041}"
EndProject
Project("{9A19103F-16F7-4668-BE54-9A1E7A4F7556}") = "WebAPI", "src\Presentation\WebAPI\WebAPI.csproj", "{9D7DFB78-C5E5-419D-B3DE-AB92605344FC}"
EndProject
Project("{2150E333-8FDC-42A3-9474-1A3956D46DE8}") = "tests", "tests", "{3D94E68D-3443-49D6-A02F-3578AB5DB6B4}"
EndProject
Project("{2150E333-8FDC-42A3-9474-1A3956D46DE8}") = "Core", "Core", "{C06AAEE8-C715-459B-AD64-DC62095AB578}"
EndProject
Project("{2150E333-8FDC-42A3-9474-1A3956D46DE8}") = "Infraestructure", "Infraestructure", "{6785FF8F-0EC4-4DAD-AAC3-9D524AA69408}"
EndProject
Project("{2150E333-8FDC-42A3-9474-1A3956D46DE8}") = "Presentation", "Presentation", "{D6279176-01D9-4DC0-B6E9-9715C4208D7C}"
EndProject
Project("{9A19103F-16F7-4668-BE54-9A1E7A4F7556}") = "Application.Tests", "tests\Core\Application.Tests\Application.Tests.csproj", "{155979E1-2C61-468D-8D90-ACC65030FC48}"
EndProject
Project("{9A19103F-16F7-4668-BE54-9A1E7A4F7556}") = "Persistence.Tests", "tests\Infraestructure\Persistence.Tests\Persistence.Tests.csproj", "{F21EB71B-4D5F-47BA-BB9C-6748B4ED22F1}"
EndProject
Project("{9A19103F-16F7-4668-BE54-9A1E7A4F7556}") = "WebAPI.Tests", "tests\Presentation\WebAPI.Tests\WebAPI.Tests.csproj", "{ADAEA7AC-5C3F-490E-A638-B7AA844B29EA}"
EndProject
Project("{9A19103F-16F7-4668-BE54-9A1E7A4F7556}") = "Domain", "src\Core\Domain\Domain.csproj", "{91B418F6-C55B-4C72-98DB-72B9F4591D1B}"
EndProject
Project("{9A19103F-16F7-4668-BE54-9A1E7A4F7556}") = "DependencyInjection", "src\Infraestructure\DependencyInjection\DependencyInjection.csproj", "{F21A55B1-330E-4728-ADB0-99AAF24C3B6A}"
EndProject
Project("{2150E333-8FDC-42A3-9474-1A3956D46DE8}") = "Shared", "Shared", "{3945F86C-456C-46AA-BFDF-574BE4DED8AF}"
EndProject
Project("{9A19103F-16F7-4668-BE54-9A1E7A4F7556}") = "Shared.Search.Entities", "Shared.Search.Entities\Shared.Search.Entities.csproj", "{EB150EB3-2167-4F6B-A5FA-8184DAD5359A}"
EndProject
Global
	GlobalSection(SolutionConfigurationPlatforms) = preSolution
		Debug|Any CPU = Debug|Any CPU
		Release|Any CPU = Release|Any CPU
	EndGlobalSection
	GlobalSection(ProjectConfigurationPlatforms) = postSolution
		{075D0143-D212-469B-BF26-3F88373C79E8}.Debug|Any CPU.ActiveCfg = Debug|Any CPU
		{075D0143-D212-469B-BF26-3F88373C79E8}.Debug|Any CPU.Build.0 = Debug|Any CPU
		{075D0143-D212-469B-BF26-3F88373C79E8}.Release|Any CPU.ActiveCfg = Release|Any CPU
		{075D0143-D212-469B-BF26-3F88373C79E8}.Release|Any CPU.Build.0 = Release|Any CPU
		{466BC9D2-C982-425C-9F0E-CD88C99D0041}.Debug|Any CPU.ActiveCfg = Debug|Any CPU
		{466BC9D2-C982-425C-9F0E-CD88C99D0041}.Debug|Any CPU.Build.0 = Debug|Any CPU
		{466BC9D2-C982-425C-9F0E-CD88C99D0041}.Release|Any CPU.ActiveCfg = Release|Any CPU
		{466BC9D2-C982-425C-9F0E-CD88C99D0041}.Release|Any CPU.Build.0 = Release|Any CPU
		{9D7DFB78-C5E5-419D-B3DE-AB92605344FC}.Debug|Any CPU.ActiveCfg = Debug|Any CPU
		{9D7DFB78-C5E5-419D-B3DE-AB92605344FC}.Debug|Any CPU.Build.0 = Debug|Any CPU
		{9D7DFB78-C5E5-419D-B3DE-AB92605344FC}.Release|Any CPU.ActiveCfg = Release|Any CPU
		{9D7DFB78-C5E5-419D-B3DE-AB92605344FC}.Release|Any CPU.Build.0 = Release|Any CPU
		{155979E1-2C61-468D-8D90-ACC65030FC48}.Debug|Any CPU.ActiveCfg = Debug|Any CPU
		{155979E1-2C61-468D-8D90-ACC65030FC48}.Debug|Any CPU.Build.0 = Debug|Any CPU
		{155979E1-2C61-468D-8D90-ACC65030FC48}.Release|Any CPU.ActiveCfg = Release|Any CPU
		{155979E1-2C61-468D-8D90-ACC65030FC48}.Release|Any CPU.Build.0 = Release|Any CPU
		{F21EB71B-4D5F-47BA-BB9C-6748B4ED22F1}.Debug|Any CPU.ActiveCfg = Debug|Any CPU
		{F21EB71B-4D5F-47BA-BB9C-6748B4ED22F1}.Debug|Any CPU.Build.0 = Debug|Any CPU
		{F21EB71B-4D5F-47BA-BB9C-6748B4ED22F1}.Release|Any CPU.ActiveCfg = Release|Any CPU
		{F21EB71B-4D5F-47BA-BB9C-6748B4ED22F1}.Release|Any CPU.Build.0 = Release|Any CPU
		{ADAEA7AC-5C3F-490E-A638-B7AA844B29EA}.Debug|Any CPU.ActiveCfg = Debug|Any CPU
		{ADAEA7AC-5C3F-490E-A638-B7AA844B29EA}.Debug|Any CPU.Build.0 = Debug|Any CPU
		{ADAEA7AC-5C3F-490E-A638-B7AA844B29EA}.Release|Any CPU.ActiveCfg = Release|Any CPU
		{ADAEA7AC-5C3F-490E-A638-B7AA844B29EA}.Release|Any CPU.Build.0 = Release|Any CPU
		{91B418F6-C55B-4C72-98DB-72B9F4591D1B}.Debug|Any CPU.ActiveCfg = Debug|Any CPU
		{91B418F6-C55B-4C72-98DB-72B9F4591D1B}.Debug|Any CPU.Build.0 = Debug|Any CPU
		{91B418F6-C55B-4C72-98DB-72B9F4591D1B}.Release|Any CPU.ActiveCfg = Release|Any CPU
		{91B418F6-C55B-4C72-98DB-72B9F4591D1B}.Release|Any CPU.Build.0 = Release|Any CPU
		{F21A55B1-330E-4728-ADB0-99AAF24C3B6A}.Debug|Any CPU.ActiveCfg = Debug|Any CPU
		{F21A55B1-330E-4728-ADB0-99AAF24C3B6A}.Debug|Any CPU.Build.0 = Debug|Any CPU
		{F21A55B1-330E-4728-ADB0-99AAF24C3B6A}.Release|Any CPU.ActiveCfg = Release|Any CPU
		{F21A55B1-330E-4728-ADB0-99AAF24C3B6A}.Release|Any CPU.Build.0 = Release|Any CPU
		{EB150EB3-2167-4F6B-A5FA-8184DAD5359A}.Debug|Any CPU.ActiveCfg = Debug|Any CPU
		{EB150EB3-2167-4F6B-A5FA-8184DAD5359A}.Debug|Any CPU.Build.0 = Debug|Any CPU
		{EB150EB3-2167-4F6B-A5FA-8184DAD5359A}.Release|Any CPU.ActiveCfg = Release|Any CPU
		{EB150EB3-2167-4F6B-A5FA-8184DAD5359A}.Release|Any CPU.Build.0 = Release|Any CPU
	EndGlobalSection
	GlobalSection(SolutionProperties) = preSolution
		HideSolutionNode = FALSE
	EndGlobalSection
	GlobalSection(NestedProjects) = preSolution
		{F4168A93-C65B-453A-930D-7F92C47362B3} = {93767232-4DA6-4DED-94BB-7F100DEF4815}
		{420014E1-6D6F-4094-B5F6-107DFE74F3B7} = {93767232-4DA6-4DED-94BB-7F100DEF4815}
		{1266749F-2E8C-4AEA-91FE-676E50058BBF} = {93767232-4DA6-4DED-94BB-7F100DEF4815}
		{075D0143-D212-469B-BF26-3F88373C79E8} = {F4168A93-C65B-453A-930D-7F92C47362B3}
		{466BC9D2-C982-425C-9F0E-CD88C99D0041} = {420014E1-6D6F-4094-B5F6-107DFE74F3B7}
		{9D7DFB78-C5E5-419D-B3DE-AB92605344FC} = {1266749F-2E8C-4AEA-91FE-676E50058BBF}
		{C06AAEE8-C715-459B-AD64-DC62095AB578} = {3D94E68D-3443-49D6-A02F-3578AB5DB6B4}
		{6785FF8F-0EC4-4DAD-AAC3-9D524AA69408} = {3D94E68D-3443-49D6-A02F-3578AB5DB6B4}
		{D6279176-01D9-4DC0-B6E9-9715C4208D7C} = {3D94E68D-3443-49D6-A02F-3578AB5DB6B4}
		{155979E1-2C61-468D-8D90-ACC65030FC48} = {C06AAEE8-C715-459B-AD64-DC62095AB578}
		{F21EB71B-4D5F-47BA-BB9C-6748B4ED22F1} = {6785FF8F-0EC4-4DAD-AAC3-9D524AA69408}
		{ADAEA7AC-5C3F-490E-A638-B7AA844B29EA} = {D6279176-01D9-4DC0-B6E9-9715C4208D7C}
		{91B418F6-C55B-4C72-98DB-72B9F4591D1B} = {F4168A93-C65B-453A-930D-7F92C47362B3}
		{F21A55B1-330E-4728-ADB0-99AAF24C3B6A} = {420014E1-6D6F-4094-B5F6-107DFE74F3B7}
		{3945F86C-456C-46AA-BFDF-574BE4DED8AF} = {93767232-4DA6-4DED-94BB-7F100DEF4815}
		{EB150EB3-2167-4F6B-A5FA-8184DAD5359A} = {3945F86C-456C-46AA-BFDF-574BE4DED8AF}
	EndGlobalSection
	GlobalSection(ExtensibilityGlobals) = postSolution
		SolutionGuid = {CB7B286A-3166-417B-B0EF-43F1CB01185E}
	EndGlobalSection
EndGlobal
